
Microsoft Visual Studio Solution File, Format Version 12.00
# Visual Studio 15
VisualStudioVersion = 15.0.28307.168
MinimumVisualStudioVersion = 10.0.40219.1
Project("{FAE04EC0-301F-11D3-BF4B-00C04F79EFBC}") = "WebConsole", "WebConsole\WebConsole.csproj", "{D42B3E07-C4F1-453A-9321-7BCD43844BAE}"
EndProject
Global
	GlobalSection(SolutionConfigurationPlatforms) = preSolution
		Debug|Any CPU = Debug|Any CPU
		Release|Any CPU = Release|Any CPU
	EndGlobalSection
	GlobalSection(ProjectConfigurationPlatforms) = postSolution
		{D42B3E07-C4F1-453A-9321-7BCD43844BAE}.Debug|Any CPU.ActiveCfg = Debug|Any CPU
		{D42B3E07-C4F1-453A-9321-7BCD43844BAE}.Debug|Any CPU.Build.0 = Debug|Any CPU
		{D42B3E07-C4F1-453A-9321-7BCD43844BAE}.Release|Any CPU.ActiveCfg = Release|Any CPU
		{D42B3E07-C4F1-453A-9321-7BCD43844BAE}.Release|Any CPU.Build.0 = Release|Any CPU
	EndGlobalSection
	GlobalSection(SolutionProperties) = preSolution
		HideSolutionNode = FALSE
	EndGlobalSection
	GlobalSection(ExtensibilityGlobals) = postSolution
		SolutionGuid = {30938E17-3836-4E0F-B62F-AD6593D9E57E}
	EndGlobalSection
EndGlobal
